
Microsoft Visual Studio Solution File, Format Version 12.00
# Visual Studio Version 16
VisualStudioVersion = 16.0.30114.105
MinimumVisualStudioVersion = 10.0.40219.1
Project("{FAE04EC0-301F-11D3-BF4B-00C04F79EFBC}") = "API", "API\API.csproj", "{324FA45F-4686-4569-9984-8635B8C080D8}"
EndProject
Project("{FAE04EC0-301F-11D3-BF4B-00C04F79EFBC}") = "Core", "Core\Core.csproj", "{E5BD55BB-C282-40FC-99AE-CCB1FE7701CF}"
EndProject
Project("{FAE04EC0-301F-11D3-BF4B-00C04F79EFBC}") = "Infrastructure", "Infrastructure\Infrastructure.csproj", "{249320B4-777D-4D07-950A-284E89DC3AE8}"
EndProject
Global
	GlobalSection(SolutionConfigurationPlatforms) = preSolution
		Debug|Any CPU = Debug|Any CPU
		Debug|x64 = Debug|x64
		Debug|x86 = Debug|x86
		Release|Any CPU = Release|Any CPU
		Release|x64 = Release|x64
		Release|x86 = Release|x86
	EndGlobalSection
	GlobalSection(SolutionProperties) = preSolution
		HideSolutionNode = FALSE
	EndGlobalSection
	GlobalSection(ProjectConfigurationPlatforms) = postSolution
		{324FA45F-4686-4569-9984-8635B8C080D8}.Debug|Any CPU.ActiveCfg = Debug|Any CPU
		{324FA45F-4686-4569-9984-8635B8C080D8}.Debug|Any CPU.Build.0 = Debug|Any CPU
		{324FA45F-4686-4569-9984-8635B8C080D8}.Debug|x64.ActiveCfg = Debug|Any CPU
		{324FA45F-4686-4569-9984-8635B8C080D8}.Debug|x64.Build.0 = Debug|Any CPU
		{324FA45F-4686-4569-9984-8635B8C080D8}.Debug|x86.ActiveCfg = Debug|Any CPU
		{324FA45F-4686-4569-9984-8635B8C080D8}.Debug|x86.Build.0 = Debug|Any CPU
		{324FA45F-4686-4569-9984-8635B8C080D8}.Release|Any CPU.ActiveCfg = Release|Any CPU
		{324FA45F-4686-4569-9984-8635B8C080D8}.Release|Any CPU.Build.0 = Release|Any CPU
		{324FA45F-4686-4569-9984-8635B8C080D8}.Release|x64.ActiveCfg = Release|Any CPU
		{324FA45F-4686-4569-9984-8635B8C080D8}.Release|x64.Build.0 = Release|Any CPU
		{324FA45F-4686-4569-9984-8635B8C080D8}.Release|x86.ActiveCfg = Release|Any CPU
		{324FA45F-4686-4569-9984-8635B8C080D8}.Release|x86.Build.0 = Release|Any CPU
		{E5BD55BB-C282-40FC-99AE-CCB1FE7701CF}.Debug|Any CPU.ActiveCfg = Debug|Any CPU
		{E5BD55BB-C282-40FC-99AE-CCB1FE7701CF}.Debug|Any CPU.Build.0 = Debug|Any CPU
		{E5BD55BB-C282-40FC-99AE-CCB1FE7701CF}.Debug|x64.ActiveCfg = Debug|Any CPU
		{E5BD55BB-C282-40FC-99AE-CCB1FE7701CF}.Debug|x64.Build.0 = Debug|Any CPU
		{E5BD55BB-C282-40FC-99AE-CCB1FE7701CF}.Debug|x86.ActiveCfg = Debug|Any CPU
		{E5BD55BB-C282-40FC-99AE-CCB1FE7701CF}.Debug|x86.Build.0 = Debug|Any CPU
		{E5BD55BB-C282-40FC-99AE-CCB1FE7701CF}.Release|Any CPU.ActiveCfg = Release|Any CPU
		{E5BD55BB-C282-40FC-99AE-CCB1FE7701CF}.Release|Any CPU.Build.0 = Release|Any CPU
		{E5BD55BB-C282-40FC-99AE-CCB1FE7701CF}.Release|x64.ActiveCfg = Release|Any CPU
		{E5BD55BB-C282-40FC-99AE-CCB1FE7701CF}.Release|x64.Build.0 = Release|Any CPU
		{E5BD55BB-C282-40FC-99AE-CCB1FE7701CF}.Release|x86.ActiveCfg = Release|Any CPU
		{E5BD55BB-C282-40FC-99AE-CCB1FE7701CF}.Release|x86.Build.0 = Release|Any CPU
		{249320B4-777D-4D07-950A-284E89DC3AE8}.Debug|Any CPU.ActiveCfg = Debug|Any CPU
		{249320B4-777D-4D07-950A-284E89DC3AE8}.Debug|Any CPU.Build.0 = Debug|Any CPU
		{249320B4-777D-4D07-950A-284E89DC3AE8}.Debug|x64.ActiveCfg = Debug|Any CPU
		{249320B4-777D-4D07-950A-284E89DC3AE8}.Debug|x64.Build.0 = Debug|Any CPU
		{249320B4-777D-4D07-950A-284E89DC3AE8}.Debug|x86.ActiveCfg = Debug|Any CPU
		{249320B4-777D-4D07-950A-284E89DC3AE8}.Debug|x86.Build.0 = Debug|Any CPU
		{249320B4-777D-4D07-950A-284E89DC3AE8}.Release|Any CPU.ActiveCfg = Release|Any CPU
		{249320B4-777D-4D07-950A-284E89DC3AE8}.Release|Any CPU.Build.0 = Release|Any CPU
		{249320B4-777D-4D07-950A-284E89DC3AE8}.Release|x64.ActiveCfg = Release|Any CPU
		{249320B4-777D-4D07-950A-284E89DC3AE8}.Release|x64.Build.0 = Release|Any CPU
		{249320B4-777D-4D07-950A-284E89DC3AE8}.Release|x86.ActiveCfg = Release|Any CPU
		{249320B4-777D-4D07-950A-284E89DC3AE8}.Release|x86.Build.0 = Release|Any CPU
	EndGlobalSection
EndGlobal
